
Microsoft Visual Studio Solution File, Format Version 12.00
# Visual Studio Version 16
VisualStudioVersion = 16.0.30011.22
MinimumVisualStudioVersion = 10.0.40219.1
Project("{F184B08F-C81C-45F6-A57F-5ABD9991F28F}") = "FactorumGUI", "FactorumGUI\FactorumGUI.vbproj", "{E6C3765C-C347-473E-B60B-2D451F63CA68}"
EndProject
Global
	GlobalSection(SolutionConfigurationPlatforms) = preSolution
		Debug|Any CPU = Debug|Any CPU
		Release|Any CPU = Release|Any CPU
	EndGlobalSection
	GlobalSection(ProjectConfigurationPlatforms) = postSolution
		{E6C3765C-C347-473E-B60B-2D451F63CA68}.Debug|Any CPU.ActiveCfg = Debug|Any CPU
		{E6C3765C-C347-473E-B60B-2D451F63CA68}.Debug|Any CPU.Build.0 = Debug|Any CPU
		{E6C3765C-C347-473E-B60B-2D451F63CA68}.Release|Any CPU.ActiveCfg = Release|Any CPU
		{E6C3765C-C347-473E-B60B-2D451F63CA68}.Release|Any CPU.Build.0 = Release|Any CPU
	EndGlobalSection
	GlobalSection(SolutionProperties) = preSolution
		HideSolutionNode = FALSE
	EndGlobalSection
	GlobalSection(ExtensibilityGlobals) = postSolution
		SolutionGuid = {F13E55E0-ACE4-49CA-B407-347D4B17A972}
	EndGlobalSection
EndGlobal
